
Microsoft Visual Studio Solution File, Format Version 12.00
# Visual Studio Version 16
VisualStudioVersion = 16.0.30907.101
MinimumVisualStudioVersion = 10.0.40219.1
Project("{FAE04EC0-301F-11D3-BF4B-00C04F79EFBC}") = "GeometryExample", "PRACTICE\GeometryExample.csproj", "{EAA53452-2E1D-4329-BD6E-5939D0485891}"
EndProject
Project("{FAE04EC0-301F-11D3-BF4B-00C04F79EFBC}") = "Animal", "Animal\Animal.csproj", "{A32721D2-BFCD-4950-A6C5-A326393FA898}"
EndProject
Global
	GlobalSection(SolutionConfigurationPlatforms) = preSolution
		Debug|Any CPU = Debug|Any CPU
		Release|Any CPU = Release|Any CPU
	EndGlobalSection
	GlobalSection(ProjectConfigurationPlatforms) = postSolution
		{EAA53452-2E1D-4329-BD6E-5939D0485891}.Debug|Any CPU.ActiveCfg = Debug|Any CPU
		{EAA53452-2E1D-4329-BD6E-5939D0485891}.Debug|Any CPU.Build.0 = Debug|Any CPU
		{EAA53452-2E1D-4329-BD6E-5939D0485891}.Release|Any CPU.ActiveCfg = Release|Any CPU
		{EAA53452-2E1D-4329-BD6E-5939D0485891}.Release|Any CPU.Build.0 = Release|Any CPU
		{A32721D2-BFCD-4950-A6C5-A326393FA898}.Debug|Any CPU.ActiveCfg = Debug|Any CPU
		{A32721D2-BFCD-4950-A6C5-A326393FA898}.Debug|Any CPU.Build.0 = Debug|Any CPU
		{A32721D2-BFCD-4950-A6C5-A326393FA898}.Release|Any CPU.ActiveCfg = Release|Any CPU
		{A32721D2-BFCD-4950-A6C5-A326393FA898}.Release|Any CPU.Build.0 = Release|Any CPU
	EndGlobalSection
	GlobalSection(SolutionProperties) = preSolution
		HideSolutionNode = FALSE
	EndGlobalSection
	GlobalSection(ExtensibilityGlobals) = postSolution
		SolutionGuid = {BAC4E6FC-342E-4385-AB2A-3744EAE7C35B}
	EndGlobalSection
EndGlobal
